
# THIS FILE IS AUTOGENERATED BY CARTON AND SHOULD NOT BE MANUALLY EDITED
# If you add this lockfile to version control, you MUST also add the entire `.carton` folder

orig_deps_hash = '65dc3db22c071a88bc0db26f55459e8b72fd05730c12c8ef434d1cab4f94496e'

[[lockfile]]
os_name = 'posix'
sys_platform = 'linux'
platform_machine = 'x86_64'
platform_python_implementation = 'CPython'
python_version = '3.10'

[[lockfile.locked_deps]]
sha256 = 'f24949ee6d2c0eade854d9473c2be6ff0970b1be28fd65fc19e7050bfbad27cb'
url = 'https://files.pythonhosted.org/packages/24/4a/b45557513dfcfb6d69e5c138325a0d7431943792b662e482dcd886c11bb4/diffusers-0.20.0-py3-none-any.whl'

[[lockfile.locked_deps]]
sha256 = '8487aab0195ce1c2a5ae189305118b9720daddbc7b688edb09ccd79e3b149f6b'
url = 'https://files.pythonhosted.org/packages/21/02/ae8e595f45b6c8edee07913892b3b41f5f5f273962ad98851dc6a564bbb9/transformers-4.31.0-py3-none-any.whl'

[[lockfile.locked_deps]]
sha256 = 'e2609d37f2c6a56e36a0612feae6ff6d9daac9759f4899432b86b1dc97024ebb'
url = 'https://files.pythonhosted.org/packages/70/f9/c381bcdd0c3829d723aa14eec8e75c6c377b4ca61ec68b8093d9f35fc7a7/accelerate-0.21.0-py3-none-any.whl'

[[lockfile.locked_deps]]
sha256 = '8ced00b3ba471856b993822508f77c98f48a458623596a4c43136158781e306a'
url = 'https://files.pythonhosted.org/packages/8c/4d/17e07377c9c3d1a0c4eb3fde1c7c16b5a0ce6133ddbabc08ceef6b7f2645/torch-2.0.1-cp310-cp310-manylinux1_x86_64.whl'

[[lockfile.locked_deps]]
sha256 = 'd32e4d75f94ddfb93ea0a5dda08389bcc65d8916a25cb9f37ac89edaeed3bded'
url = 'https://files.pythonhosted.org/packages/ce/41/fdeb62b5437996e841d83d7d2714ca75b886547ee8017ee2fe6ea409d983/nvidia_cublas_cu11-11.10.3.66-py3-none-manylinux1_x86_64.whl'

[[lockfile.locked_deps]]
sha256 = 'e0cfd9854e1f2edaa36ca20d21cd0bdd5dcfca4e3b9e130a082e05b33b6c5895'
url = 'https://files.pythonhosted.org/packages/e6/9d/dd0cdcd800e642e3c82ee3b5987c751afd4f3fb9cc2752517f42c3bc6e49/nvidia_cuda_cupti_cu11-11.7.101-py3-none-manylinux1_x86_64.whl'

[[lockfile.locked_deps]]
sha256 = '9f1562822ea264b7e34ed5930567e89242d266448e936b85bc97a3370feabb03'
url = 'https://files.pythonhosted.org/packages/ef/25/922c5996aada6611b79b53985af7999fc629aee1d5d001b6a22431e18fec/nvidia_cuda_nvrtc_cu11-11.7.99-2-py3-none-manylinux1_x86_64.whl'

[[lockfile.locked_deps]]
sha256 = 'cc768314ae58d2641f07eac350f40f99dcb35719c4faff4bc458a7cd2b119e31'
url = 'https://files.pythonhosted.org/packages/36/92/89cf558b514125d2ebd8344dd2f0533404b416486ff681d5434a5832a019/nvidia_cuda_runtime_cu11-11.7.99-py3-none-manylinux1_x86_64.whl'

[[lockfile.locked_deps]]
sha256 = '402f40adfc6f418f9dae9ab402e773cfed9beae52333f6d86ae3107a1b9527e7'
url = 'https://files.pythonhosted.org/packages/dc/30/66d4347d6e864334da5bb1c7571305e501dcb11b9155971421bb7bb5315f/nvidia_cudnn_cu11-8.5.0.96-2-py3-none-manylinux1_x86_64.whl'

[[lockfile.locked_deps]]
sha256 = '222f9da70c80384632fd6035e4c3f16762d64ea7a843829cb278f98b3cb7dd81'
url = 'https://files.pythonhosted.org/packages/74/79/b912a77e38e41f15a0581a59f5c3548d1ddfdda3225936fb67c342719e7a/nvidia_cufft_cu11-10.9.0.58-py3-none-manylinux1_x86_64.whl'

[[lockfile.locked_deps]]
sha256 = 'eecb269c970fa599a2660c9232fa46aaccbf90d9170b96c462e13bcb4d129e2c'
url = 'https://files.pythonhosted.org/packages/8f/11/af78d54b2420e64a4dd19e704f5bb69dcb5a6a3138b4465d6a48cdf59a21/nvidia_curand_cu11-10.2.10.91-py3-none-manylinux1_x86_64.whl'

[[lockfile.locked_deps]]
sha256 = '72fa7261d755ed55c0074960df5904b65e2326f7adce364cbe4945063c1be412'
url = 'https://files.pythonhosted.org/packages/3e/77/66149e3153b19312fb782ea367f3f950123b93916a45538b573fe373570a/nvidia_cusolver_cu11-11.4.0.1-2-py3-none-manylinux1_x86_64.whl'

[[lockfile.locked_deps]]
sha256 = 'a3389de714db63321aa11fbec3919271f415ef19fda58aed7f2ede488c32733d'
url = 'https://files.pythonhosted.org/packages/ea/6f/6d032cc1bb7db88a989ddce3f4968419a7edeafda362847f42f614b1f845/nvidia_cusparse_cu11-11.7.4.91-py3-none-manylinux1_x86_64.whl'

[[lockfile.locked_deps]]
sha256 = '5e5534257d1284b8e825bc3a182c6f06acd6eb405e9f89d49340e98cd8f136eb'
url = 'https://files.pythonhosted.org/packages/55/92/914cdb650b6a5d1478f83148597a25e90ea37d739bd563c5096b0e8a5f43/nvidia_nccl_cu11-2.14.3-py3-none-manylinux1_x86_64.whl'

[[lockfile.locked_deps]]
sha256 = 'b22c64eee426a62fc00952b507d6d29cf62b4c9df7a480fcc417e540e05fd5ac'
url = 'https://files.pythonhosted.org/packages/23/d5/09493ff0e64fd77523afbbb075108f27a13790479efe86b9ffb4587671b5/nvidia_nvtx_cu11-11.7.91-py3-none-manylinux1_x86_64.whl'

[[lockfile.locked_deps]]
sha256 = '38806ee9663f4b0f7cd64790e96c579374089e58f49aac4a6608121aa55e2505'
url = 'https://files.pythonhosted.org/packages/ca/31/ff6be541195daf77aa5c72303b2354661a69e717967d44d91eb4f3fdce32/triton-2.0.0-1-cp310-cp310-manylinux2014_x86_64.manylinux_2_17_x86_64.whl'

[[lockfile.locked_deps]]
sha256 = '0d3df29932f334fead024afc7cb4cc5149d955238b8b5e42dcf9740d6995a349'
url = 'https://files.pythonhosted.org/packages/7f/c4/adcbe9a696c135578cabcbdd7331332daad4d49b7c43688bc2d36b3a47d2/huggingface_hub-0.16.4-py3-none-any.whl'

[[lockfile.locked_deps]]
sha256 = 'f08f2e037bba04e707eebf4bc934f1972a315c883a9e0ebfa8a7756eabf9e357'
url = 'https://files.pythonhosted.org/packages/71/3c/3b1981c6a1986adc9ee7db760c0c34ea5b14ac3da9ecfcf1ea2a4ec6c398/numpy-1.25.2-cp310-cp310-manylinux_2_17_x86_64.manylinux2014_x86_64.whl'

[[lockfile.locked_deps]]
sha256 = '994793af429502c4ea2ebf6bf664629d07c1a9fe974af92966e4b8d2df7edc61'
url = 'https://files.pythonhosted.org/packages/ab/c3/57f0601a2d4fe15de7a553c00adbc901425661bf048f2a22dfc500caf121/packaging-23.1-py3-none-any.whl'

[[lockfile.locked_deps]]
sha256 = 'ba336e390cd8e4d1739f42dfe9bb83a3cc2e80f567d8805e11b46f4a943f5515'
url = 'https://files.pythonhosted.org/packages/29/61/bf33c6c85c55bc45a29eee3195848ff2d518d84735eb0e2d8cb42e0d285e/PyYAML-6.0.1-cp310-cp310-manylinux_2_17_x86_64.manylinux2014_x86_64.whl'

[[lockfile.locked_deps]]
sha256 = '551ad543fa19e94943c5b2cebc54c73353ffff08228ee5f3376bd27b3d5b9800'
url = 'https://files.pythonhosted.org/packages/d1/df/460ca6171a8494fcf37af43f52f6fac23e38784bb4a26563f6fa01ef6faf/regex-2023.8.8-cp310-cp310-manylinux_2_17_x86_64.manylinux2014_x86_64.whl'

[[lockfile.locked_deps]]
sha256 = 'cbb44e140bf2aeda98d9dde669dbec15f7b77f96a9274469b91a6cf4bcc5ec3b'
url = 'https://files.pythonhosted.org/packages/37/9b/5d880ca9f94a2e4f16111507674910ca1932cffbd2bbeb688b8c8102a6d0/safetensors-0.3.2-cp310-cp310-manylinux_2_17_x86_64.manylinux2014_x86_64.whl'

[[lockfile.locked_deps]]
sha256 = 'a4d53976079cff8a033f778fb9adca2d9d69d009c02fa2d71a878b5f3963ed30'
url = 'https://files.pythonhosted.org/packages/94/60/ff26cce378023624ffcad91edaa4871f561d6ba7295185c45037ddba80e2/tokenizers-0.13.3-cp310-cp310-manylinux_2_17_x86_64.manylinux2014_x86_64.whl'

[[lockfile.locked_deps]]
sha256 = 'd302b3c5b53d47bce91fea46679d9c3c6508cf6332229aa1e7d8653723793386'
url = 'https://files.pythonhosted.org/packages/00/e5/f12a80907d0884e6dff9c16d0c0114d81b8cd07dc3ae54c5e962cc83037e/tqdm-4.66.1-py3-none-any.whl'

[[lockfile.locked_deps]]
sha256 = '440d5dd3af93b060174bf433bccd69b0babc3b15b1a8dca43789fd7f61514b36'
url = 'https://files.pythonhosted.org/packages/ec/6b/63cc3df74987c36fe26157ee12e09e8f9db4de771e0f3404263117e75b95/typing_extensions-4.7.1-py3-none-any.whl'

[[lockfile.locked_deps]]
sha256 = 'cbb791cdea2a72f23da6ac5b5269ab0a0d161e9ef0100e653b69049a7706d1ec'
url = 'https://files.pythonhosted.org/packages/00/45/ec3407adf6f6b5bf867a4462b2b0af27597a26bd3cd6e2534cb6ab029938/filelock-3.12.2-py3-none-any.whl'

[[lockfile.locked_deps]]
sha256 = '3ebb78df84a805d7698245025b975d9d67053cd94c79245ba4b3eb694abe68bb'
url = 'https://files.pythonhosted.org/packages/cc/37/db7ba97e676af155f5fcb1a35466f446eadc9104e25b83366e8088c9c926/importlib_metadata-6.8.0-py3-none-any.whl'

[[lockfile.locked_deps]]
sha256 = '6088930bfe239f0e6710546ab9c19c9ef35e29792895fed6e6e31a023a182a61'
url = 'https://files.pythonhosted.org/packages/bc/c3/f068337a370801f372f2f8f6bad74a5c140f6fda3d9de154052708dd3c65/Jinja2-3.1.2-py3-none-any.whl'

[[lockfile.locked_deps]]
sha256 = '4f33f68cb2afcf86f28a45f43efc27a9386b535d567d2127f8f61d51dec58d36'
url = 'https://files.pythonhosted.org/packages/a8/05/9d4f9b78ead6b2661d6e8ea772e111fc4a9fbd866ad0c81906c11206b55e/networkx-3.1-py3-none-any.whl'

[[lockfile.locked_deps]]
sha256 = 'a74ba0c356aaa3bb8e3eb79606a87669e7ec6444be352870623025d75a14a2bf'
url = 'https://files.pythonhosted.org/packages/3d/36/e78f09d510354977e10102dd811e928666021d9c451e05df962d56477772/Pillow-10.0.0-cp310-cp310-manylinux_2_28_x86_64.whl'

[[lockfile.locked_deps]]
sha256 = '89518112647f1276b03ca97b65cc7f64ca587b1eb0278383017c2a0dcc26cbe4'
url = 'https://files.pythonhosted.org/packages/af/4d/389441079ecef400e2551a3933224885a7bde6b8a4810091d628cdd75afe/psutil-5.9.5-cp36-abi3-manylinux_2_12_x86_64.manylinux2010_x86_64.manylinux_2_17_x86_64.manylinux2014_x86_64.whl'

[[lockfile.locked_deps]]
sha256 = '58cd2187c01e70e6e26505bca751777aa9f2ee0b7f4300988b709f44e013003f'
url = 'https://files.pythonhosted.org/packages/70/8e/0e2d847013cb52cd35b38c009bb167a1a26b2ce6cd6965bf26b47bc0bf44/requests-2.31.0-py3-none-any.whl'

[[lockfile.locked_deps]]
sha256 = 'c3588cd4295d0c0f603d0f2ae780587e64e2efeedb3521e46b9bb1d08d184fa5'
url = 'https://files.pythonhosted.org/packages/d2/05/e6600db80270777c4a64238a98d442f0fd07cc8915be2a1c16da7f2b9e74/sympy-1.12-py3-none-any.whl'

[[lockfile.locked_deps]]
sha256 = '92d6037539857d8206b8f6ae472e8b77db8058fec5937a1ef3f54304089edbb9'
url = 'https://files.pythonhosted.org/packages/4c/dd/2234eab22353ffc7d94e8d13177aaa050113286e93e7b40eae01fbf7c3d9/certifi-2023.7.22-py3-none-any.whl'

[[lockfile.locked_deps]]
sha256 = '193cbc708ea3aca45e7221ae58f0fd63f933753a9bfb498a3b474878f12caaad'
url = 'https://files.pythonhosted.org/packages/a4/65/057bf29660aae6ade0816457f8db4e749e5c0bfa2366eb5f67db9912fa4c/charset_normalizer-3.2.0-cp310-cp310-manylinux_2_17_x86_64.manylinux2014_x86_64.whl'

[[lockfile.locked_deps]]
sha256 = '90b77e79eaa3eba6de819a0c442c0b4ceefc341a7a2ab77d7562bf49f425c5c2'
url = 'https://files.pythonhosted.org/packages/fc/34/3030de6f1370931b9dbb4dad48f6ab1015ab1d32447850b9fc94e60097be/idna-3.4-py3-none-any.whl'

[[lockfile.locked_deps]]
sha256 = '65c1a9bcdadc6c28eecee2c119465aebff8f7a584dd719facdd9e825ec61ab52'
url = 'https://files.pythonhosted.org/packages/12/b3/d9ed2c0971e1435b8a62354b18d3060b66c8cb1d368399ec0b9baa7c0ee5/MarkupSafe-2.1.3-cp310-cp310-manylinux_2_17_x86_64.manylinux2014_x86_64.whl'

[[lockfile.locked_deps]]
sha256 = 'a0b2b9fe80bbcd81a6647ff13108738cfb482d481d826cc0e02f5b35e5c88d2c'
url = 'https://files.pythonhosted.org/packages/43/e3/7d92a15f894aa0c9c4b49b8ee9ac9850d6e63b03c9c32c0367a13ae62209/mpmath-1.3.0-py3-none-any.whl'

[[lockfile.locked_deps]]
sha256 = 'de7df1803967d2c2a98e4b11bb7d6bd9210474c46e8a0401514e3a42a75ebde4'
url = 'https://files.pythonhosted.org/packages/9b/81/62fd61001fa4b9d0df6e31d47ff49cfa9de4af03adecf339c7bc30656b37/urllib3-2.0.4-py3-none-any.whl'

[[lockfile.locked_deps]]
sha256 = '679e51dd4403591b2d6838a48de3d283f3d188412a9782faadf845f298736ba0'
url = 'https://files.pythonhosted.org/packages/8c/08/d3006317aefe25ea79d3b76c9650afabaf6d63d1c8443b236e7405447503/zipp-3.16.2-py3-none-any.whl'

[[lockfile.locked_deps]]
sha256 = 'efc338c939d6d435890a52458a260bf0942bd8392b648d7532a72c1ec0764e18'
url = 'https://files.pythonhosted.org/packages/2e/51/3a4672a819b4532a378bfefad8f886cfe71057556e0d4eefb64523fd370a/cmake-3.27.2-py2.py3-none-manylinux2014_x86_64.manylinux_2_17_x86_64.whl'

[[lockfile.locked_deps]]
sha256 = '1cbad1faef3e391fba6dc005ae9b5bdcbf43005c9167ce78c915549c352c869a'
url = 'https://files.pythonhosted.org/packages/e3/bd/4c0a4619494188a9db5d77e2100ab7d544a42e76b2447869d8e124e981d8/fsspec-2023.6.0-py3-none-any.whl'

[[lockfile.locked_deps]]
sha256 = '75909db2664838d015e3d9139004ee16711748a52c8f336b52882266540215d8'
url = 'https://files.pythonhosted.org/packages/b8/8b/31273bf66016be6ad22bb7345c37ff350276cfd46e389a0c2ac5da9d9073/wheel-0.41.2-py3-none-any.whl'

[[lockfile.locked_deps]]
sha256 = '3d8083eed2d13afc9426f227b24fd1659489ec107c0e86cec2ffdde5c92e790b'
url = 'https://files.pythonhosted.org/packages/4f/ab/0bcfebdfc3bfa8554b2b2c97a555569c4c1ebc74ea288741ea8326c51906/setuptools-68.1.2-py3-none-any.whl'

[[lockfile.locked_deps]]
sha256 = 'c8014350f616bd05309e936730500b8eb9976cbb0cf929fe3c2c30c63b7b6500'
bundled_whl_path = '.carton/bundled_wheels/c8014350f616bd05309e936730500b8eb9976cbb0cf929fe3c2c30c63b7b6500/lit-16.0.6-py3-none-any.whl'
