{
  "name": "carton",
  "version": "0.1.0",
  "lockfileVersion": 2,
  "requires": true,
  "packages": {
    "": {
      "name": "carton",
      "version": "0.1.0",
      "hasInstallScript": true,
      "license": "MIT",
      "devDependencies": {
        "@stdlib/ndarray": "0.0.13",
        "cargo-cp-artifact": "^0.1",
        "ndarray": "1.0.19"
      }
    },
    "node_modules/@stdlib/array": {
      "version": "0.0.12",
      "resolved": "https://registry.npmjs.org/@stdlib/array/-/array-0.0.12.tgz",
      "integrity": "sha512-nDksiuvRC1dSTHrf5yOGQmlRwAzSKV8MdFQwFSvLbZGGhi5Y4hExqea5HloLgNVouVs8lnAFi2oubSM4Mc7YAg==",
      "dev": true,
      "os": [
        "aix",
        "darwin",
        "freebsd",
        "linux",
        "macos",
        "openbsd",
        "sunos",
        "win32",
        "windows"
      ],
      "dependencies": {
        "@stdlib/assert": "^0.0.x",
        "@stdlib/blas": "^0.0.x",
        "@stdlib/complex": "^0.0.x",
        "@stdlib/constants": "^0.0.x",
        "@stdlib/math": "^0.0.x",
        "@stdlib/symbol": "^0.0.x",
        "@stdlib/types": "^0.0.x",
        "@stdlib/utils": "^0.0.x"
      },
      "engines": {
        "node": ">=0.10.0",
        "npm": ">2.7.0"
      },
      "funding": {
        "type": "patreon",
        "url": "https://www.patreon.com/athan"
      }
    },
    "node_modules/@stdlib/assert": {
      "version": "0.0.12",
      "resolved": "https://registry.npmjs.org/@stdlib/assert/-/assert-0.0.12.tgz",
      "integrity": "sha512-38FxFf+ZoQZbdc+m09UsWtaCmzd/2e7im0JOaaFYE7icmRfm+4KiE9BRvBT4tIn7ioLB2f9PsBicKjIsf+tY1w==",
      "dev": true,
      "os": [
        "aix",
        "darwin",
        "freebsd",
        "linux",
        "macos",
        "openbsd",
        "sunos",
        "win32",
        "windows"
      ],
      "dependencies": {
        "@stdlib/array": "^0.0.x",
        "@stdlib/cli": "^0.0.x",
        "@stdlib/complex": "^0.0.x",
        "@stdlib/constants": "^0.0.x",
        "@stdlib/fs": "^0.0.x",
        "@stdlib/math": "^0.0.x",
        "@stdlib/ndarray": "^0.0.x",
        "@stdlib/number": "^0.0.x",
        "@stdlib/os": "^0.0.x",
        "@stdlib/process": "^0.0.x",
        "@stdlib/regexp": "^0.0.x",
        "@stdlib/streams": "^0.0.x",
        "@stdlib/string": "^0.0.x",
        "@stdlib/symbol": "^0.0.x",
        "@stdlib/types": "^0.0.x",
        "@stdlib/utils": "^0.0.x"
      },
      "engines": {
        "node": ">=0.10.0",
        "npm": ">2.7.0"
      },
      "funding": {
        "type": "patreon",
        "url": "https://www.patreon.com/athan"
      }
    },
    "node_modules/@stdlib/bigint": {
      "version": "0.0.11",
      "resolved": "https://registry.npmjs.org/@stdlib/bigint/-/bigint-0.0.11.tgz",
      "integrity": "sha512-uz0aYDLABAYyqxaCSHYbUt0yPkXYUCR7TrVvHN+UUD3i8FZ02ZKcLO+faKisDyxKEoSFTNtn3Ro8Ir5ebOlVXQ==",
      "dev": true,
      "os": [
        "aix",
        "darwin",
        "freebsd",
        "linux",
        "macos",
        "openbsd",
        "sunos",
        "win32",
        "windows"
      ],
      "dependencies": {
        "@stdlib/utils": "^0.0.x"
      },
      "engines": {
        "node": ">=0.10.0",
        "npm": ">2.7.0"
      },
      "funding": {
        "type": "patreon",
        "url": "https://www.patreon.com/athan"
      }
    },
    "node_modules/@stdlib/blas": {
      "version": "0.0.12",
      "resolved": "https://registry.npmjs.org/@stdlib/blas/-/blas-0.0.12.tgz",
      "integrity": "sha512-nWY749bWceuoWQ7gz977blCwR7lyQ/rsIXVO4b600h+NFpeA2i/ea7MYC680utIbeu2cnDWHdglBPoK535VAzA==",
      "dev": true,
      "os": [
        "aix",
        "darwin",
        "freebsd",
        "linux",
        "macos",
        "openbsd",
        "sunos",
        "win32",
        "windows"
      ],
      "dependencies": {
        "@stdlib/array": "^0.0.x",
        "@stdlib/assert": "^0.0.x",
        "@stdlib/math": "^0.0.x",
        "@stdlib/number": "^0.0.x",
        "@stdlib/types": "^0.0.x",
        "@stdlib/utils": "^0.0.x"
      },
      "engines": {
        "node": ">=0.10.0",
        "npm": ">2.7.0"
      },
      "funding": {
        "type": "patreon",
        "url": "https://www.patreon.com/athan"
      }
    },
    "node_modules/@stdlib/buffer": {
      "version": "0.0.11",
      "resolved": "https://registry.npmjs.org/@stdlib/buffer/-/buffer-0.0.11.tgz",
      "integrity": "sha512-Jeie5eDDa1tVuRcuU+cBXI/oOXSmMxUUccZpqXzgYe0IO8QSNtNxv9mUTzJk/m5wH+lmLoDvNxzPpOH9TODjJg==",
      "dev": true,
      "os": [
        "aix",
        "darwin",
        "freebsd",
        "linux",
        "macos",
        "openbsd",
        "sunos",
        "win32",
        "windows"
      ],
      "dependencies": {
        "@stdlib/array": "^0.0.x",
        "@stdlib/assert": "^0.0.x",
        "@stdlib/process": "^0.0.x",
        "@stdlib/types": "^0.0.x",
        "@stdlib/utils": "^0.0.x"
      },
      "engines": {
        "node": ">=0.10.0",
        "npm": ">2.7.0"
      },
      "funding": {
        "type": "patreon",
        "url": "https://www.patreon.com/athan"
      }
    },
    "node_modules/@stdlib/cli": {
      "version": "0.0.10",
      "resolved": "https://registry.npmjs.org/@stdlib/cli/-/cli-0.0.10.tgz",
      "integrity": "sha512-OITGaxG46kwK799+NuOd/+ccosJ9koVuQBC610DDJv0ZJf8mD7sbjGXrmue9C4EOh8MP7Vm/6HN14BojX8oTCg==",
      "dev": true,
      "os": [
        "aix",
        "darwin",
        "freebsd",
        "linux",
        "macos",
        "openbsd",
        "sunos",
        "win32",
        "windows"
      ],
      "dependencies": {
        "@stdlib/utils": "^0.0.x",
        "minimist": "^1.2.0"
      },
      "engines": {
        "node": ">=0.10.0",
        "npm": ">2.7.0"
      },
      "funding": {
        "type": "patreon",
        "url": "https://www.patreon.com/athan"
      }
    },
    "node_modules/@stdlib/complex": {
      "version": "0.0.12",
      "resolved": "https://registry.npmjs.org/@stdlib/complex/-/complex-0.0.12.tgz",
      "integrity": "sha512-UbZBdaUxT2G+lsTIrVlRZwx2IRY6GXnVILggeejsIVxHSuK+oTyapfetcAv0FJFLP+Rrr+ZzrN4b9G3hBw6NHA==",
      "dev": true,
      "os": [
        "aix",
        "darwin",
        "freebsd",
        "linux",
        "macos",
        "openbsd",
        "sunos",
        "win32",
        "windows"
      ],
      "dependencies": {
        "@stdlib/array": "^0.0.x",
        "@stdlib/assert": "^0.0.x",
        "@stdlib/types": "^0.0.x",
        "@stdlib/utils": "^0.0.x"
      },
      "engines": {
        "node": ">=0.10.0",
        "npm": ">2.7.0"
      },
      "funding": {
        "type": "patreon",
        "url": "https://www.patreon.com/athan"
      }
    },
    "node_modules/@stdlib/constants": {
      "version": "0.0.11",
      "resolved": "https://registry.npmjs.org/@stdlib/constants/-/constants-0.0.11.tgz",
      "integrity": "sha512-cWKy0L9hXHUQTvFzdPkTvZnn/5Pjv7H4UwY0WC1rLt+A5CxFDJKjvnIi9ypSzJS3CAiGl1ZaHCdadoqXhNdkUg==",
      "dev": true,
      "os": [
        "aix",
        "darwin",
        "freebsd",
        "linux",
        "macos",
        "openbsd",
        "sunos",
        "win32",
        "windows"
      ],
      "dependencies": {
        "@stdlib/array": "^0.0.x",
        "@stdlib/assert": "^0.0.x",
        "@stdlib/number": "^0.0.x",
        "@stdlib/utils": "^0.0.x"
      },
      "engines": {
        "node": ">=0.10.0",
        "npm": ">2.7.0"
      },
      "funding": {
        "type": "patreon",
        "url": "https://www.patreon.com/athan"
      }
    },
    "node_modules/@stdlib/fs": {
      "version": "0.0.12",
      "resolved": "https://registry.npmjs.org/@stdlib/fs/-/fs-0.0.12.tgz",
      "integrity": "sha512-zcDLbt39EEM3M3wJW6luChS53B8T+TMJkjs2526UpKJ71O0/0adR57cI7PfCpkMd33d05uM7GM+leEj4eks4Cw==",
      "dev": true,
      "os": [
        "aix",
        "darwin",
        "freebsd",
        "linux",
        "macos",
        "openbsd",
        "sunos",
        "win32",
        "windows"
      ],
      "dependencies": {
        "@stdlib/array": "^0.0.x",
        "@stdlib/assert": "^0.0.x",
        "@stdlib/cli": "^0.0.x",
        "@stdlib/math": "^0.0.x",
        "@stdlib/process": "^0.0.x",
        "@stdlib/string": "^0.0.x",
        "@stdlib/utils": "^0.0.x",
        "debug": "^2.6.9"
      },
      "engines": {
        "node": ">=0.10.0",
        "npm": ">2.7.0"
      },
      "funding": {
        "type": "patreon",
        "url": "https://www.patreon.com/athan"
      }
    },
    "node_modules/@stdlib/math": {
      "version": "0.0.11",
      "resolved": "https://registry.npmjs.org/@stdlib/math/-/math-0.0.11.tgz",
      "integrity": "sha512-qI78sR1QqGjHj8k/aAqkZ51Su2fyBvaR/jMKQqcB/ML8bpYpf+QGlGvTty5Qdru/wpqds4kVFOVbWGcNFIV2+Q==",
      "dev": true,
      "os": [
        "aix",
        "darwin",
        "freebsd",
        "linux",
        "macos",
        "openbsd",
        "sunos",
        "win32",
        "windows"
      ],
      "dependencies": {
        "@stdlib/assert": "^0.0.x",
        "@stdlib/constants": "^0.0.x",
        "@stdlib/ndarray": "^0.0.x",
        "@stdlib/number": "^0.0.x",
        "@stdlib/strided": "^0.0.x",
        "@stdlib/symbol": "^0.0.x",
        "@stdlib/types": "^0.0.x",
        "@stdlib/utils": "^0.0.x",
        "debug": "^2.6.9"
      },
      "engines": {
        "node": ">=0.10.0",
        "npm": ">2.7.0"
      },
      "funding": {
        "type": "patreon",
        "url": "https://www.patreon.com/athan"
      }
    },
    "node_modules/@stdlib/ndarray": {
      "version": "0.0.13",
      "resolved": "https://registry.npmjs.org/@stdlib/ndarray/-/ndarray-0.0.13.tgz",
      "integrity": "sha512-Z+U9KJP4U2HWrLtuAXSPvhNetAdqaNLMcliR6S/fz+VPlFDeymRK7omRFMgVQ+1zcAvIgKZGJxpLC3vjiPUYEw==",
      "dev": true,
      "os": [
        "aix",
        "darwin",
        "freebsd",
        "linux",
        "macos",
        "openbsd",
        "sunos",
        "win32",
        "windows"
      ],
      "dependencies": {
        "@stdlib/array": "^0.0.x",
        "@stdlib/assert": "^0.0.x",
        "@stdlib/bigint": "^0.0.x",
        "@stdlib/buffer": "^0.0.x",
        "@stdlib/complex": "^0.0.x",
        "@stdlib/constants": "^0.0.x",
        "@stdlib/math": "^0.0.x",
        "@stdlib/number": "^0.0.x",
        "@stdlib/string": "^0.0.x",
        "@stdlib/types": "^0.0.x",
        "@stdlib/utils": "^0.0.x"
      },
      "engines": {
        "node": ">=0.10.0",
        "npm": ">2.7.0"
      },
      "funding": {
        "type": "patreon",
        "url": "https://www.patreon.com/athan"
      }
    },
    "node_modules/@stdlib/nlp": {
      "version": "0.0.11",
      "resolved": "https://registry.npmjs.org/@stdlib/nlp/-/nlp-0.0.11.tgz",
      "integrity": "sha512-D9avYWANm0Db2W7RpzdSdi5GxRYALGAqUrNnRnnKIO6sMEfr/DvONoAbWruda4QyvSC+0MJNwcEn7+PHhRwYhw==",
      "dev": true,
      "os": [
        "aix",
        "darwin",
        "freebsd",
        "linux",
        "macos",
        "openbsd",
        "sunos",
        "win32",
        "windows"
      ],
      "dependencies": {
        "@stdlib/array": "^0.0.x",
        "@stdlib/assert": "^0.0.x",
        "@stdlib/math": "^0.0.x",
        "@stdlib/random": "^0.0.x",
        "@stdlib/string": "^0.0.x",
        "@stdlib/utils": "^0.0.x"
      },
      "engines": {
        "node": ">=0.10.0",
        "npm": ">2.7.0"
      },
      "funding": {
        "type": "patreon",
        "url": "https://www.patreon.com/athan"
      }
    },
    "node_modules/@stdlib/number": {
      "version": "0.0.10",
      "resolved": "https://registry.npmjs.org/@stdlib/number/-/number-0.0.10.tgz",
      "integrity": "sha512-RyfoP9MlnX4kccvg8qv7vYQPbLdzfS1Mnp/prGOoWhvMG3pyBwFAan34kwFb5IS/zHC3W5EmrgXCV2QWyLg/Kg==",
      "dev": true,
      "os": [
        "aix",
        "darwin",
        "freebsd",
        "linux",
        "macos",
        "openbsd",
        "sunos",
        "win32",
        "windows"
      ],
      "dependencies": {
        "@stdlib/array": "^0.0.x",
        "@stdlib/assert": "^0.0.x",
        "@stdlib/constants": "^0.0.x",
        "@stdlib/math": "^0.0.x",
        "@stdlib/os": "^0.0.x",
        "@stdlib/string": "^0.0.x",
        "@stdlib/types": "^0.0.x",
        "@stdlib/utils": "^0.0.x"
      },
      "engines": {
        "node": ">=0.10.0",
        "npm": ">2.7.0"
      },
      "funding": {
        "type": "patreon",
        "url": "https://www.patreon.com/athan"
      }
    },
    "node_modules/@stdlib/os": {
      "version": "0.0.12",
      "resolved": "https://registry.npmjs.org/@stdlib/os/-/os-0.0.12.tgz",
      "integrity": "sha512-O7lklZ/9XEzoCmYvzjPh7jrFWkbpOSHGI71ve3dkSvBy5tyiSL3TtivfKsIC+9ZxuEJZ3d3lIjc9e+yz4HVbqQ==",
      "dev": true,
      "os": [
        "aix",
        "darwin",
        "freebsd",
        "linux",
        "macos",
        "openbsd",
        "sunos",
        "win32",
        "windows"
      ],
      "dependencies": {
        "@stdlib/assert": "^0.0.x",
        "@stdlib/cli": "^0.0.x",
        "@stdlib/fs": "^0.0.x",
        "@stdlib/process": "^0.0.x",
        "@stdlib/utils": "^0.0.x"
      },
      "engines": {
        "node": ">=0.10.0",
        "npm": ">2.7.0"
      },
      "funding": {
        "type": "patreon",
        "url": "https://www.patreon.com/athan"
      }
    },
    "node_modules/@stdlib/process": {
      "version": "0.0.12",
      "resolved": "https://registry.npmjs.org/@stdlib/process/-/process-0.0.12.tgz",
      "integrity": "sha512-P0X0TMvkissBE1Wr877Avi2/AxmP7X5Toa6GatHbpJdDg6jQmN4SgPd+NZNp98YtZUyk478c8XSIzMr1krQ20g==",
      "dev": true,
      "os": [
        "aix",
        "darwin",
        "freebsd",
        "linux",
        "macos",
        "openbsd",
        "sunos",
        "win32",
        "windows"
      ],
      "dependencies": {
        "@stdlib/assert": "^0.0.x",
        "@stdlib/buffer": "^0.0.x",
        "@stdlib/cli": "^0.0.x",
        "@stdlib/fs": "^0.0.x",
        "@stdlib/streams": "^0.0.x",
        "@stdlib/string": "^0.0.x",
        "@stdlib/utils": "^0.0.x"
      },
      "engines": {
        "node": ">=0.10.0",
        "npm": ">2.7.0"
      },
      "funding": {
        "type": "patreon",
        "url": "https://www.patreon.com/athan"
      }
    },
    "node_modules/@stdlib/random": {
      "version": "0.0.12",
      "resolved": "https://registry.npmjs.org/@stdlib/random/-/random-0.0.12.tgz",
      "integrity": "sha512-c5yND4Ahnm9Jx0I+jsKhn4Yrz10D53ALSrIe3PG1qIz3kNFcIPnmvCuNGd+3V4ch4Mbrez55Y8z/ZC5RJh4vJQ==",
      "dev": true,
      "os": [
        "aix",
        "darwin",
        "freebsd",
        "linux",
        "macos",
        "openbsd",
        "sunos",
        "win32",
        "windows"
      ],
      "dependencies": {
        "@stdlib/array": "^0.0.x",
        "@stdlib/assert": "^0.0.x",
        "@stdlib/blas": "^0.0.x",
        "@stdlib/buffer": "^0.0.x",
        "@stdlib/cli": "^0.0.x",
        "@stdlib/constants": "^0.0.x",
        "@stdlib/fs": "^0.0.x",
        "@stdlib/math": "^0.0.x",
        "@stdlib/process": "^0.0.x",
        "@stdlib/stats": "^0.0.x",
        "@stdlib/streams": "^0.0.x",
        "@stdlib/symbol": "^0.0.x",
        "@stdlib/types": "^0.0.x",
        "@stdlib/utils": "^0.0.x",
        "debug": "^2.6.9",
        "readable-stream": "^2.1.4"
      },
      "engines": {
        "node": ">=0.10.0",
        "npm": ">2.7.0"
      },
      "funding": {
        "type": "patreon",
        "url": "https://www.patreon.com/athan"
      }
    },
    "node_modules/@stdlib/regexp": {
      "version": "0.0.13",
      "resolved": "https://registry.npmjs.org/@stdlib/regexp/-/regexp-0.0.13.tgz",
      "integrity": "sha512-3JT5ZIoq/1nXY+dY+QtkU8/m7oWDeekyItEEXMx9c/AOf0ph8fmvTUGMDNfUq0RetcznFe3b66kFz6Zt4XHviA==",
      "dev": true,
      "os": [
        "aix",
        "darwin",
        "freebsd",
        "linux",
        "macos",
        "openbsd",
        "sunos",
        "win32",
        "windows"
      ],
      "dependencies": {
        "@stdlib/assert": "^0.0.x",
        "@stdlib/utils": "^0.0.x"
      },
      "engines": {
        "node": ">=0.10.0",
        "npm": ">2.7.0"
      },
      "funding": {
        "type": "patreon",
        "url": "https://www.patreon.com/athan"
      }
    },
    "node_modules/@stdlib/stats": {
      "version": "0.0.13",
      "resolved": "https://registry.npmjs.org/@stdlib/stats/-/stats-0.0.13.tgz",
      "integrity": "sha512-hm+t32dKbx/L7+7WlQ1o4NDEzV0J4QSnwFBCsIMIAO8+VPxTZ4FxyNERl4oKlS3hZZe4AVKjoOVhBDtgEWrS4g==",
      "dev": true,
      "os": [
        "aix",
        "darwin",
        "freebsd",
        "linux",
        "macos",
        "openbsd",
        "sunos",
        "win32",
        "windows"
      ],
      "dependencies": {
        "@stdlib/array": "^0.0.x",
        "@stdlib/assert": "^0.0.x",
        "@stdlib/blas": "^0.0.x",
        "@stdlib/constants": "^0.0.x",
        "@stdlib/math": "^0.0.x",
        "@stdlib/ndarray": "^0.0.x",
        "@stdlib/random": "^0.0.x",
        "@stdlib/string": "^0.0.x",
        "@stdlib/symbol": "^0.0.x",
        "@stdlib/types": "^0.0.x",
        "@stdlib/utils": "^0.0.x"
      },
      "engines": {
        "node": ">=0.10.0",
        "npm": ">2.7.0"
      },
      "funding": {
        "type": "patreon",
        "url": "https://www.patreon.com/athan"
      }
    },
    "node_modules/@stdlib/streams": {
      "version": "0.0.12",
      "resolved": "https://registry.npmjs.org/@stdlib/streams/-/streams-0.0.12.tgz",
      "integrity": "sha512-YLUlXwjJNknHp92IkJUdvn5jEQjDckpawKhDLLCoxyh3h5V+w/8+61SH7TMTfKx5lBxKJ8vvtchZh90mIJOAjQ==",
      "dev": true,
      "os": [
        "aix",
        "darwin",
        "freebsd",
        "linux",
        "macos",
        "openbsd",
        "sunos",
        "win32",
        "windows"
      ],
      "dependencies": {
        "@stdlib/assert": "^0.0.x",
        "@stdlib/buffer": "^0.0.x",
        "@stdlib/cli": "^0.0.x",
        "@stdlib/fs": "^0.0.x",
        "@stdlib/types": "^0.0.x",
        "@stdlib/utils": "^0.0.x",
        "debug": "^2.6.9",
        "readable-stream": "^2.1.4"
      },
      "engines": {
        "node": ">=0.10.0",
        "npm": ">2.7.0"
      },
      "funding": {
        "type": "patreon",
        "url": "https://www.patreon.com/athan"
      }
    },
    "node_modules/@stdlib/strided": {
      "version": "0.0.12",
      "resolved": "https://registry.npmjs.org/@stdlib/strided/-/strided-0.0.12.tgz",
      "integrity": "sha512-1NINP+Y7IJht34iri/bYLY7TVxrip51f6Z3qWxGHUCH33kvk5H5QqV+RsmFEGbbyoGtdeHrT2O+xA+7R2e3SNg==",
      "dev": true,
      "os": [
        "aix",
        "darwin",
        "freebsd",
        "linux",
        "macos",
        "openbsd",
        "sunos",
        "win32",
        "windows"
      ],
      "dependencies": {
        "@stdlib/assert": "^0.0.x",
        "@stdlib/math": "^0.0.x",
        "@stdlib/ndarray": "^0.0.x",
        "@stdlib/types": "^0.0.x",
        "@stdlib/utils": "^0.0.x"
      },
      "engines": {
        "node": ">=0.10.0",
        "npm": ">2.7.0"
      },
      "funding": {
        "type": "patreon",
        "url": "https://www.patreon.com/athan"
      }
    },
    "node_modules/@stdlib/string": {
      "version": "0.0.14",
      "resolved": "https://registry.npmjs.org/@stdlib/string/-/string-0.0.14.tgz",
      "integrity": "sha512-1ClvUTPysens7GZz3WsrkFYIFs8qDmnXkyAd3zMvTXgRpy7hqrv6nNzLMQj8BHv5cBWaWPOXYd/cZ+JyMnZNQQ==",
      "dev": true,
      "os": [
        "aix",
        "darwin",
        "freebsd",
        "linux",
        "macos",
        "openbsd",
        "sunos",
        "win32",
        "windows"
      ],
      "dependencies": {
        "@stdlib/assert": "^0.0.x",
        "@stdlib/cli": "^0.0.x",
        "@stdlib/constants": "^0.0.x",
        "@stdlib/fs": "^0.0.x",
        "@stdlib/math": "^0.0.x",
        "@stdlib/nlp": "^0.0.x",
        "@stdlib/process": "^0.0.x",
        "@stdlib/regexp": "^0.0.x",
        "@stdlib/streams": "^0.0.x",
        "@stdlib/types": "^0.0.x",
        "@stdlib/utils": "^0.0.x"
      },
      "engines": {
        "node": ">=0.10.0",
        "npm": ">2.7.0"
      },
      "funding": {
        "type": "patreon",
        "url": "https://www.patreon.com/athan"
      }
    },
    "node_modules/@stdlib/symbol": {
      "version": "0.0.12",
      "resolved": "https://registry.npmjs.org/@stdlib/symbol/-/symbol-0.0.12.tgz",
      "integrity": "sha512-2IDhpzWVGeLHgsvIsX12RXvf78r7xBkc4QLoRUv3k7Cp61BisR1Ym1p0Tq9PbxT8fknlvLToh9n5RpmESi2d4w==",
      "dev": true,
      "os": [
        "aix",
        "darwin",
        "freebsd",
        "linux",
        "macos",
        "openbsd",
        "sunos",
        "win32",
        "windows"
      ],
      "dependencies": {
        "@stdlib/assert": "^0.0.x",
        "@stdlib/utils": "^0.0.x"
      },
      "engines": {
        "node": ">=0.10.0",
        "npm": ">2.7.0"
      },
      "funding": {
        "type": "patreon",
        "url": "https://www.patreon.com/athan"
      }
    },
    "node_modules/@stdlib/time": {
      "version": "0.0.14",
      "resolved": "https://registry.npmjs.org/@stdlib/time/-/time-0.0.14.tgz",
      "integrity": "sha512-1gMFCQTabMVIgww+k4g8HHHIhyy1tIlvwT8mC0BHW7Q7TzDAgobwL0bvor+lwvCb5LlDAvNQEpaRgVT99QWGeQ==",
      "dev": true,
      "os": [
        "aix",
        "darwin",
        "freebsd",
        "linux",
        "macos",
        "openbsd",
        "sunos",
        "win32",
        "windows"
      ],
      "dependencies": {
        "@stdlib/assert": "^0.0.x",
        "@stdlib/cli": "^0.0.x",
        "@stdlib/constants": "^0.0.x",
        "@stdlib/fs": "^0.0.x",
        "@stdlib/math": "^0.0.x",
        "@stdlib/string": "^0.0.x",
        "@stdlib/utils": "^0.0.x"
      },
      "engines": {
        "node": ">=0.10.0",
        "npm": ">2.7.0"
      },
      "funding": {
        "type": "patreon",
        "url": "https://www.patreon.com/athan"
      }
    },
    "node_modules/@stdlib/types": {
      "version": "0.0.14",
      "resolved": "https://registry.npmjs.org/@stdlib/types/-/types-0.0.14.tgz",
      "integrity": "sha512-AP3EI9/il/xkwUazcoY+SbjtxHRrheXgSbWZdEGD+rWpEgj6n2i63hp6hTOpAB5NipE0tJwinQlDGOuQ1lCaCw==",
      "dev": true,
      "os": [
        "aix",
        "darwin",
        "freebsd",
        "linux",
        "macos",
        "openbsd",
        "sunos",
        "win32",
        "windows"
      ],
      "engines": {
        "node": ">=0.10.0",
        "npm": ">2.7.0"
      },
      "funding": {
        "type": "patreon",
        "url": "https://www.patreon.com/athan"
      }
    },
    "node_modules/@stdlib/utils": {
      "version": "0.0.12",
      "resolved": "https://registry.npmjs.org/@stdlib/utils/-/utils-0.0.12.tgz",
      "integrity": "sha512-+JhFpl6l7RSq/xGnbWRQ5dAL90h9ONj8MViqlb7teBZFtePZLMwoRA1wssypFcJ8SFMRWQn7lPmpYVUkGwRSOg==",
      "dev": true,
      "os": [
        "aix",
        "darwin",
        "freebsd",
        "linux",
        "macos",
        "openbsd",
        "sunos",
        "win32",
        "windows"
      ],
      "dependencies": {
        "@stdlib/array": "^0.0.x",
        "@stdlib/assert": "^0.0.x",
        "@stdlib/blas": "^0.0.x",
        "@stdlib/buffer": "^0.0.x",
        "@stdlib/cli": "^0.0.x",
        "@stdlib/constants": "^0.0.x",
        "@stdlib/fs": "^0.0.x",
        "@stdlib/math": "^0.0.x",
        "@stdlib/os": "^0.0.x",
        "@stdlib/process": "^0.0.x",
        "@stdlib/random": "^0.0.x",
        "@stdlib/regexp": "^0.0.x",
        "@stdlib/streams": "^0.0.x",
        "@stdlib/string": "^0.0.x",
        "@stdlib/symbol": "^0.0.x",
        "@stdlib/time": "^0.0.x",
        "@stdlib/types": "^0.0.x",
        "debug": "^2.6.9"
      },
      "engines": {
        "node": ">=0.10.0",
        "npm": ">2.7.0"
      },
      "funding": {
        "type": "patreon",
        "url": "https://www.patreon.com/athan"
      }
    },
    "node_modules/cargo-cp-artifact": {
      "version": "0.1.7",
      "resolved": "https://registry.npmjs.org/cargo-cp-artifact/-/cargo-cp-artifact-0.1.7.tgz",
      "integrity": "sha512-pxEV9p1on8vu3BOKstVisF9TwMyGKCBRvzaVpQHuU2sLULCKrn3MJWx/4XlNzmG6xNCTPf78DJ7WCGgr2mOzjg==",
      "dev": true,
      "bin": {
        "cargo-cp-artifact": "bin/cargo-cp-artifact.js"
      }
    },
    "node_modules/core-util-is": {
      "version": "1.0.3",
      "resolved": "https://registry.npmjs.org/core-util-is/-/core-util-is-1.0.3.tgz",
      "integrity": "sha512-ZQBvi1DcpJ4GDqanjucZ2Hj3wEO5pZDS89BWbkcrvdxksJorwUDDZamX9ldFkp9aw2lmBDLgkObEA4DWNJ9FYQ==",
      "dev": true
    },
    "node_modules/debug": {
      "version": "2.6.9",
      "resolved": "https://registry.npmjs.org/debug/-/debug-2.6.9.tgz",
      "integrity": "sha512-bC7ElrdJaJnPbAP+1EotYvqZsb3ecl5wi6Bfi6BJTUcNowp6cvspg0jXznRTKDjm/E7AdgFBVeAPVMNcKGsHMA==",
      "dev": true,
      "dependencies": {
        "ms": "2.0.0"
      }
    },
    "node_modules/inherits": {
      "version": "2.0.4",
      "resolved": "https://registry.npmjs.org/inherits/-/inherits-2.0.4.tgz",
      "integrity": "sha512-k/vGaX4/Yla3WzyMCvTQOXYeIHvqOKtnqBduzTHpzpQZzAskKMhZ2K+EnBiSM9zGSoIFeMpXKxa4dYeZIQqewQ==",
      "dev": true
    },
    "node_modules/iota-array": {
      "version": "1.0.0",
      "resolved": "https://registry.npmjs.org/iota-array/-/iota-array-1.0.0.tgz",
      "integrity": "sha512-pZ2xT+LOHckCatGQ3DcG/a+QuEqvoxqkiL7tvE8nn3uuu+f6i1TtpB5/FtWFbxUuVr5PZCx8KskuGatbJDXOWA==",
      "dev": true
    },
    "node_modules/is-buffer": {
      "version": "1.1.6",
      "resolved": "https://registry.npmjs.org/is-buffer/-/is-buffer-1.1.6.tgz",
      "integrity": "sha512-NcdALwpXkTm5Zvvbk7owOUSvVvBKDgKP5/ewfXEznmQFfs4ZRmanOeKBTjRVjka3QFoN6XJ+9F3USqfHqTaU5w==",
      "dev": true
    },
    "node_modules/isarray": {
      "version": "1.0.0",
      "resolved": "https://registry.npmjs.org/isarray/-/isarray-1.0.0.tgz",
      "integrity": "sha512-VLghIWNM6ELQzo7zwmcg0NmTVyWKYjvIeM83yjp0wRDTmUnrM678fQbcKBo6n2CJEF0szoG//ytg+TKla89ALQ==",
      "dev": true
    },
    "node_modules/minimist": {
      "version": "1.2.7",
      "resolved": "https://registry.npmjs.org/minimist/-/minimist-1.2.7.tgz",
      "integrity": "sha512-bzfL1YUZsP41gmu/qjrEk0Q6i2ix/cVeAhbCbqH9u3zYutS1cLg00qhrD0M2MVdCcx4Sc0UpP2eBWo9rotpq6g==",
      "dev": true,
      "funding": {
        "url": "https://github.com/sponsors/ljharb"
      }
    },
    "node_modules/ms": {
      "version": "2.0.0",
      "resolved": "https://registry.npmjs.org/ms/-/ms-2.0.0.tgz",
      "integrity": "sha512-Tpp60P6IUJDTuOq/5Z8cdskzJujfwqfOTkrwIwj7IRISpnkJnT6SyJ4PCPnGMoFjC9ddhal5KVIYtAt97ix05A==",
      "dev": true
    },
    "node_modules/ndarray": {
      "version": "1.0.19",
      "resolved": "https://registry.npmjs.org/ndarray/-/ndarray-1.0.19.tgz",
      "integrity": "sha512-B4JHA4vdyZU30ELBw3g7/p9bZupyew5a7tX1Y/gGeF2hafrPaQZhgrGQfsvgfYbgdFZjYwuEcnaobeM/WMW+HQ==",
      "dev": true,
      "dependencies": {
        "iota-array": "^1.0.0",
        "is-buffer": "^1.0.2"
      }
    },
    "node_modules/process-nextick-args": {
      "version": "2.0.1",
      "resolved": "https://registry.npmjs.org/process-nextick-args/-/process-nextick-args-2.0.1.tgz",
      "integrity": "sha512-3ouUOpQhtgrbOa17J7+uxOTpITYWaGP7/AhoR3+A+/1e9skrzelGi/dXzEYyvbxubEF6Wn2ypscTKiKJFFn1ag==",
      "dev": true
    },
    "node_modules/readable-stream": {
      "version": "2.3.7",
      "resolved": "https://registry.npmjs.org/readable-stream/-/readable-stream-2.3.7.tgz",
      "integrity": "sha512-Ebho8K4jIbHAxnuxi7o42OrZgF/ZTNcsZj6nRKyUmkhLFq8CHItp/fy6hQZuZmP/n3yZ9VBUbp4zz/mX8hmYPw==",
      "dev": true,
      "dependencies": {
        "core-util-is": "~1.0.0",
        "inherits": "~2.0.3",
        "isarray": "~1.0.0",
        "process-nextick-args": "~2.0.0",
        "safe-buffer": "~5.1.1",
        "string_decoder": "~1.1.1",
        "util-deprecate": "~1.0.1"
      }
    },
    "node_modules/safe-buffer": {
      "version": "5.1.2",
      "resolved": "https://registry.npmjs.org/safe-buffer/-/safe-buffer-5.1.2.tgz",
      "integrity": "sha512-Gd2UZBJDkXlY7GbJxfsE8/nvKkUEU1G38c1siN6QP6a9PT9MmHB8GnpscSmMJSoF8LOIrt8ud/wPtojys4G6+g==",
      "dev": true
    },
    "node_modules/string_decoder": {
      "version": "1.1.1",
      "resolved": "https://registry.npmjs.org/string_decoder/-/string_decoder-1.1.1.tgz",
      "integrity": "sha512-n/ShnvDi6FHbbVfviro+WojiFzv+s8MPMHBczVePfUpDJLwoLT0ht1l4YwBCbi8pJAveEEdnkHyPyTP/mzRfwg==",
      "dev": true,
      "dependencies": {
        "safe-buffer": "~5.1.0"
      }
    },
    "node_modules/util-deprecate": {
      "version": "1.0.2",
      "resolved": "https://registry.npmjs.org/util-deprecate/-/util-deprecate-1.0.2.tgz",
      "integrity": "sha512-EPD5q1uXyFxJpCrLnCc1nHnq3gOa6DZBocAIiI2TaSCA7VCJ1UJDMagCzIkXNsUYfD1daK//LTEQ8xiIbrHtcw==",
      "dev": true
    }
  },
  "dependencies": {
    "@stdlib/array": {
      "version": "0.0.12",
      "resolved": "https://registry.npmjs.org/@stdlib/array/-/array-0.0.12.tgz",
      "integrity": "sha512-nDksiuvRC1dSTHrf5yOGQmlRwAzSKV8MdFQwFSvLbZGGhi5Y4hExqea5HloLgNVouVs8lnAFi2oubSM4Mc7YAg==",
      "dev": true,
      "requires": {
        "@stdlib/assert": "^0.0.x",
        "@stdlib/blas": "^0.0.x",
        "@stdlib/complex": "^0.0.x",
        "@stdlib/constants": "^0.0.x",
        "@stdlib/math": "^0.0.x",
        "@stdlib/symbol": "^0.0.x",
        "@stdlib/types": "^0.0.x",
        "@stdlib/utils": "^0.0.x"
      }
    },
    "@stdlib/assert": {
      "version": "0.0.12",
      "resolved": "https://registry.npmjs.org/@stdlib/assert/-/assert-0.0.12.tgz",
      "integrity": "sha512-38FxFf+ZoQZbdc+m09UsWtaCmzd/2e7im0JOaaFYE7icmRfm+4KiE9BRvBT4tIn7ioLB2f9PsBicKjIsf+tY1w==",
      "dev": true,
      "requires": {
        "@stdlib/array": "^0.0.x",
        "@stdlib/cli": "^0.0.x",
        "@stdlib/complex": "^0.0.x",
        "@stdlib/constants": "^0.0.x",
        "@stdlib/fs": "^0.0.x",
        "@stdlib/math": "^0.0.x",
        "@stdlib/ndarray": "^0.0.x",
        "@stdlib/number": "^0.0.x",
        "@stdlib/os": "^0.0.x",
        "@stdlib/process": "^0.0.x",
        "@stdlib/regexp": "^0.0.x",
        "@stdlib/streams": "^0.0.x",
        "@stdlib/string": "^0.0.x",
        "@stdlib/symbol": "^0.0.x",
        "@stdlib/types": "^0.0.x",
        "@stdlib/utils": "^0.0.x"
      }
    },
    "@stdlib/bigint": {
      "version": "0.0.11",
      "resolved": "https://registry.npmjs.org/@stdlib/bigint/-/bigint-0.0.11.tgz",
      "integrity": "sha512-uz0aYDLABAYyqxaCSHYbUt0yPkXYUCR7TrVvHN+UUD3i8FZ02ZKcLO+faKisDyxKEoSFTNtn3Ro8Ir5ebOlVXQ==",
      "dev": true,
      "requires": {
        "@stdlib/utils": "^0.0.x"
      }
    },
    "@stdlib/blas": {
      "version": "0.0.12",
      "resolved": "https://registry.npmjs.org/@stdlib/blas/-/blas-0.0.12.tgz",
      "integrity": "sha512-nWY749bWceuoWQ7gz977blCwR7lyQ/rsIXVO4b600h+NFpeA2i/ea7MYC680utIbeu2cnDWHdglBPoK535VAzA==",
      "dev": true,
      "requires": {
        "@stdlib/array": "^0.0.x",
        "@stdlib/assert": "^0.0.x",
        "@stdlib/math": "^0.0.x",
        "@stdlib/number": "^0.0.x",
        "@stdlib/types": "^0.0.x",
        "@stdlib/utils": "^0.0.x"
      }
    },
    "@stdlib/buffer": {
      "version": "0.0.11",
      "resolved": "https://registry.npmjs.org/@stdlib/buffer/-/buffer-0.0.11.tgz",
      "integrity": "sha512-Jeie5eDDa1tVuRcuU+cBXI/oOXSmMxUUccZpqXzgYe0IO8QSNtNxv9mUTzJk/m5wH+lmLoDvNxzPpOH9TODjJg==",
      "dev": true,
      "requires": {
        "@stdlib/array": "^0.0.x",
        "@stdlib/assert": "^0.0.x",
        "@stdlib/process": "^0.0.x",
        "@stdlib/types": "^0.0.x",
        "@stdlib/utils": "^0.0.x"
      }
    },
    "@stdlib/cli": {
      "version": "0.0.10",
      "resolved": "https://registry.npmjs.org/@stdlib/cli/-/cli-0.0.10.tgz",
      "integrity": "sha512-OITGaxG46kwK799+NuOd/+ccosJ9koVuQBC610DDJv0ZJf8mD7sbjGXrmue9C4EOh8MP7Vm/6HN14BojX8oTCg==",
      "dev": true,
      "requires": {
        "@stdlib/utils": "^0.0.x",
        "minimist": "^1.2.0"
      }
    },
    "@stdlib/complex": {
      "version": "0.0.12",
      "resolved": "https://registry.npmjs.org/@stdlib/complex/-/complex-0.0.12.tgz",
      "integrity": "sha512-UbZBdaUxT2G+lsTIrVlRZwx2IRY6GXnVILggeejsIVxHSuK+oTyapfetcAv0FJFLP+Rrr+ZzrN4b9G3hBw6NHA==",
      "dev": true,
      "requires": {
        "@stdlib/array": "^0.0.x",
        "@stdlib/assert": "^0.0.x",
        "@stdlib/types": "^0.0.x",
        "@stdlib/utils": "^0.0.x"
      }
    },
    "@stdlib/constants": {
      "version": "0.0.11",
      "resolved": "https://registry.npmjs.org/@stdlib/constants/-/constants-0.0.11.tgz",
      "integrity": "sha512-cWKy0L9hXHUQTvFzdPkTvZnn/5Pjv7H4UwY0WC1rLt+A5CxFDJKjvnIi9ypSzJS3CAiGl1ZaHCdadoqXhNdkUg==",
      "dev": true,
      "requires": {
        "@stdlib/array": "^0.0.x",
        "@stdlib/assert": "^0.0.x",
        "@stdlib/number": "^0.0.x",
        "@stdlib/utils": "^0.0.x"
      }
    },
    "@stdlib/fs": {
      "version": "0.0.12",
      "resolved": "https://registry.npmjs.org/@stdlib/fs/-/fs-0.0.12.tgz",
      "integrity": "sha512-zcDLbt39EEM3M3wJW6luChS53B8T+TMJkjs2526UpKJ71O0/0adR57cI7PfCpkMd33d05uM7GM+leEj4eks4Cw==",
      "dev": true,
      "requires": {
        "@stdlib/array": "^0.0.x",
        "@stdlib/assert": "^0.0.x",
        "@stdlib/cli": "^0.0.x",
        "@stdlib/math": "^0.0.x",
        "@stdlib/process": "^0.0.x",
        "@stdlib/string": "^0.0.x",
        "@stdlib/utils": "^0.0.x",
        "debug": "^2.6.9"
      }
    },
    "@stdlib/math": {
      "version": "0.0.11",
      "resolved": "https://registry.npmjs.org/@stdlib/math/-/math-0.0.11.tgz",
      "integrity": "sha512-qI78sR1QqGjHj8k/aAqkZ51Su2fyBvaR/jMKQqcB/ML8bpYpf+QGlGvTty5Qdru/wpqds4kVFOVbWGcNFIV2+Q==",
      "dev": true,
      "requires": {
        "@stdlib/assert": "^0.0.x",
        "@stdlib/constants": "^0.0.x",
        "@stdlib/ndarray": "^0.0.x",
        "@stdlib/number": "^0.0.x",
        "@stdlib/strided": "^0.0.x",
        "@stdlib/symbol": "^0.0.x",
        "@stdlib/types": "^0.0.x",
        "@stdlib/utils": "^0.0.x",
        "debug": "^2.6.9"
      }
    },
    "@stdlib/ndarray": {
      "version": "0.0.13",
      "resolved": "https://registry.npmjs.org/@stdlib/ndarray/-/ndarray-0.0.13.tgz",
      "integrity": "sha512-Z+U9KJP4U2HWrLtuAXSPvhNetAdqaNLMcliR6S/fz+VPlFDeymRK7omRFMgVQ+1zcAvIgKZGJxpLC3vjiPUYEw==",
      "dev": true,
      "requires": {
        "@stdlib/array": "^0.0.x",
        "@stdlib/assert": "^0.0.x",
        "@stdlib/bigint": "^0.0.x",
        "@stdlib/buffer": "^0.0.x",
        "@stdlib/complex": "^0.0.x",
        "@stdlib/constants": "^0.0.x",
        "@stdlib/math": "^0.0.x",
        "@stdlib/number": "^0.0.x",
        "@stdlib/string": "^0.0.x",
        "@stdlib/types": "^0.0.x",
        "@stdlib/utils": "^0.0.x"
      }
    },
    "@stdlib/nlp": {
      "version": "0.0.11",
      "resolved": "https://registry.npmjs.org/@stdlib/nlp/-/nlp-0.0.11.tgz",
      "integrity": "sha512-D9avYWANm0Db2W7RpzdSdi5GxRYALGAqUrNnRnnKIO6sMEfr/DvONoAbWruda4QyvSC+0MJNwcEn7+PHhRwYhw==",
      "dev": true,
      "requires": {
        "@stdlib/array": "^0.0.x",
        "@stdlib/assert": "^0.0.x",
        "@stdlib/math": "^0.0.x",
        "@stdlib/random": "^0.0.x",
        "@stdlib/string": "^0.0.x",
        "@stdlib/utils": "^0.0.x"
      }
    },
    "@stdlib/number": {
      "version": "0.0.10",
      "resolved": "https://registry.npmjs.org/@stdlib/number/-/number-0.0.10.tgz",
      "integrity": "sha512-RyfoP9MlnX4kccvg8qv7vYQPbLdzfS1Mnp/prGOoWhvMG3pyBwFAan34kwFb5IS/zHC3W5EmrgXCV2QWyLg/Kg==",
      "dev": true,
      "requires": {
        "@stdlib/array": "^0.0.x",
        "@stdlib/assert": "^0.0.x",
        "@stdlib/constants": "^0.0.x",
        "@stdlib/math": "^0.0.x",
        "@stdlib/os": "^0.0.x",
        "@stdlib/string": "^0.0.x",
        "@stdlib/types": "^0.0.x",
        "@stdlib/utils": "^0.0.x"
      }
    },
    "@stdlib/os": {
      "version": "0.0.12",
      "resolved": "https://registry.npmjs.org/@stdlib/os/-/os-0.0.12.tgz",
      "integrity": "sha512-O7lklZ/9XEzoCmYvzjPh7jrFWkbpOSHGI71ve3dkSvBy5tyiSL3TtivfKsIC+9ZxuEJZ3d3lIjc9e+yz4HVbqQ==",
      "dev": true,
      "requires": {
        "@stdlib/assert": "^0.0.x",
        "@stdlib/cli": "^0.0.x",
        "@stdlib/fs": "^0.0.x",
        "@stdlib/process": "^0.0.x",
        "@stdlib/utils": "^0.0.x"
      }
    },
    "@stdlib/process": {
      "version": "0.0.12",
      "resolved": "https://registry.npmjs.org/@stdlib/process/-/process-0.0.12.tgz",
      "integrity": "sha512-P0X0TMvkissBE1Wr877Avi2/AxmP7X5Toa6GatHbpJdDg6jQmN4SgPd+NZNp98YtZUyk478c8XSIzMr1krQ20g==",
      "dev": true,
      "requires": {
        "@stdlib/assert": "^0.0.x",
        "@stdlib/buffer": "^0.0.x",
        "@stdlib/cli": "^0.0.x",
        "@stdlib/fs": "^0.0.x",
        "@stdlib/streams": "^0.0.x",
        "@stdlib/string": "^0.0.x",
        "@stdlib/utils": "^0.0.x"
      }
    },
    "@stdlib/random": {
      "version": "0.0.12",
      "resolved": "https://registry.npmjs.org/@stdlib/random/-/random-0.0.12.tgz",
      "integrity": "sha512-c5yND4Ahnm9Jx0I+jsKhn4Yrz10D53ALSrIe3PG1qIz3kNFcIPnmvCuNGd+3V4ch4Mbrez55Y8z/ZC5RJh4vJQ==",
      "dev": true,
      "requires": {
        "@stdlib/array": "^0.0.x",
        "@stdlib/assert": "^0.0.x",
        "@stdlib/blas": "^0.0.x",
        "@stdlib/buffer": "^0.0.x",
        "@stdlib/cli": "^0.0.x",
        "@stdlib/constants": "^0.0.x",
        "@stdlib/fs": "^0.0.x",
        "@stdlib/math": "^0.0.x",
        "@stdlib/process": "^0.0.x",
        "@stdlib/stats": "^0.0.x",
        "@stdlib/streams": "^0.0.x",
        "@stdlib/symbol": "^0.0.x",
        "@stdlib/types": "^0.0.x",
        "@stdlib/utils": "^0.0.x",
        "debug": "^2.6.9",
        "readable-stream": "^2.1.4"
      }
    },
    "@stdlib/regexp": {
      "version": "0.0.13",
      "resolved": "https://registry.npmjs.org/@stdlib/regexp/-/regexp-0.0.13.tgz",
      "integrity": "sha512-3JT5ZIoq/1nXY+dY+QtkU8/m7oWDeekyItEEXMx9c/AOf0ph8fmvTUGMDNfUq0RetcznFe3b66kFz6Zt4XHviA==",
      "dev": true,
      "requires": {
        "@stdlib/assert": "^0.0.x",
        "@stdlib/utils": "^0.0.x"
      }
    },
    "@stdlib/stats": {
      "version": "0.0.13",
      "resolved": "https://registry.npmjs.org/@stdlib/stats/-/stats-0.0.13.tgz",
      "integrity": "sha512-hm+t32dKbx/L7+7WlQ1o4NDEzV0J4QSnwFBCsIMIAO8+VPxTZ4FxyNERl4oKlS3hZZe4AVKjoOVhBDtgEWrS4g==",
      "dev": true,
      "requires": {
        "@stdlib/array": "^0.0.x",
        "@stdlib/assert": "^0.0.x",
        "@stdlib/blas": "^0.0.x",
        "@stdlib/constants": "^0.0.x",
        "@stdlib/math": "^0.0.x",
        "@stdlib/ndarray": "^0.0.x",
        "@stdlib/random": "^0.0.x",
        "@stdlib/string": "^0.0.x",
        "@stdlib/symbol": "^0.0.x",
        "@stdlib/types": "^0.0.x",
        "@stdlib/utils": "^0.0.x"
      }
    },
    "@stdlib/streams": {
      "version": "0.0.12",
      "resolved": "https://registry.npmjs.org/@stdlib/streams/-/streams-0.0.12.tgz",
      "integrity": "sha512-YLUlXwjJNknHp92IkJUdvn5jEQjDckpawKhDLLCoxyh3h5V+w/8+61SH7TMTfKx5lBxKJ8vvtchZh90mIJOAjQ==",
      "dev": true,
      "requires": {
        "@stdlib/assert": "^0.0.x",
        "@stdlib/buffer": "^0.0.x",
        "@stdlib/cli": "^0.0.x",
        "@stdlib/fs": "^0.0.x",
        "@stdlib/types": "^0.0.x",
        "@stdlib/utils": "^0.0.x",
        "debug": "^2.6.9",
        "readable-stream": "^2.1.4"
      }
    },
    "@stdlib/strided": {
      "version": "0.0.12",
      "resolved": "https://registry.npmjs.org/@stdlib/strided/-/strided-0.0.12.tgz",
      "integrity": "sha512-1NINP+Y7IJht34iri/bYLY7TVxrip51f6Z3qWxGHUCH33kvk5H5QqV+RsmFEGbbyoGtdeHrT2O+xA+7R2e3SNg==",
      "dev": true,
      "requires": {
        "@stdlib/assert": "^0.0.x",
        "@stdlib/math": "^0.0.x",
        "@stdlib/ndarray": "^0.0.x",
        "@stdlib/types": "^0.0.x",
        "@stdlib/utils": "^0.0.x"
      }
    },
    "@stdlib/string": {
      "version": "0.0.14",
      "resolved": "https://registry.npmjs.org/@stdlib/string/-/string-0.0.14.tgz",
      "integrity": "sha512-1ClvUTPysens7GZz3WsrkFYIFs8qDmnXkyAd3zMvTXgRpy7hqrv6nNzLMQj8BHv5cBWaWPOXYd/cZ+JyMnZNQQ==",
      "dev": true,
      "requires": {
        "@stdlib/assert": "^0.0.x",
        "@stdlib/cli": "^0.0.x",
        "@stdlib/constants": "^0.0.x",
        "@stdlib/fs": "^0.0.x",
        "@stdlib/math": "^0.0.x",
        "@stdlib/nlp": "^0.0.x",
        "@stdlib/process": "^0.0.x",
        "@stdlib/regexp": "^0.0.x",
        "@stdlib/streams": "^0.0.x",
        "@stdlib/types": "^0.0.x",
        "@stdlib/utils": "^0.0.x"
      }
    },
    "@stdlib/symbol": {
      "version": "0.0.12",
      "resolved": "https://registry.npmjs.org/@stdlib/symbol/-/symbol-0.0.12.tgz",
      "integrity": "sha512-2IDhpzWVGeLHgsvIsX12RXvf78r7xBkc4QLoRUv3k7Cp61BisR1Ym1p0Tq9PbxT8fknlvLToh9n5RpmESi2d4w==",
      "dev": true,
      "requires": {
        "@stdlib/assert": "^0.0.x",
        "@stdlib/utils": "^0.0.x"
      }
    },
    "@stdlib/time": {
      "version": "0.0.14",
      "resolved": "https://registry.npmjs.org/@stdlib/time/-/time-0.0.14.tgz",
      "integrity": "sha512-1gMFCQTabMVIgww+k4g8HHHIhyy1tIlvwT8mC0BHW7Q7TzDAgobwL0bvor+lwvCb5LlDAvNQEpaRgVT99QWGeQ==",
      "dev": true,
      "requires": {
        "@stdlib/assert": "^0.0.x",
        "@stdlib/cli": "^0.0.x",
        "@stdlib/constants": "^0.0.x",
        "@stdlib/fs": "^0.0.x",
        "@stdlib/math": "^0.0.x",
        "@stdlib/string": "^0.0.x",
        "@stdlib/utils": "^0.0.x"
      }
    },
    "@stdlib/types": {
      "version": "0.0.14",
      "resolved": "https://registry.npmjs.org/@stdlib/types/-/types-0.0.14.tgz",
      "integrity": "sha512-AP3EI9/il/xkwUazcoY+SbjtxHRrheXgSbWZdEGD+rWpEgj6n2i63hp6hTOpAB5NipE0tJwinQlDGOuQ1lCaCw==",
      "dev": true
    },
    "@stdlib/utils": {
      "version": "0.0.12",
      "resolved": "https://registry.npmjs.org/@stdlib/utils/-/utils-0.0.12.tgz",
      "integrity": "sha512-+JhFpl6l7RSq/xGnbWRQ5dAL90h9ONj8MViqlb7teBZFtePZLMwoRA1wssypFcJ8SFMRWQn7lPmpYVUkGwRSOg==",
      "dev": true,
      "requires": {
        "@stdlib/array": "^0.0.x",
        "@stdlib/assert": "^0.0.x",
        "@stdlib/blas": "^0.0.x",
        "@stdlib/buffer": "^0.0.x",
        "@stdlib/cli": "^0.0.x",
        "@stdlib/constants": "^0.0.x",
        "@stdlib/fs": "^0.0.x",
        "@stdlib/math": "^0.0.x",
        "@stdlib/os": "^0.0.x",
        "@stdlib/process": "^0.0.x",
        "@stdlib/random": "^0.0.x",
        "@stdlib/regexp": "^0.0.x",
        "@stdlib/streams": "^0.0.x",
        "@stdlib/string": "^0.0.x",
        "@stdlib/symbol": "^0.0.x",
        "@stdlib/time": "^0.0.x",
        "@stdlib/types": "^0.0.x",
        "debug": "^2.6.9"
      }
    },
    "cargo-cp-artifact": {
      "version": "0.1.7",
      "resolved": "https://registry.npmjs.org/cargo-cp-artifact/-/cargo-cp-artifact-0.1.7.tgz",
      "integrity": "sha512-pxEV9p1on8vu3BOKstVisF9TwMyGKCBRvzaVpQHuU2sLULCKrn3MJWx/4XlNzmG6xNCTPf78DJ7WCGgr2mOzjg==",
      "dev": true
    },
    "core-util-is": {
      "version": "1.0.3",
      "resolved": "https://registry.npmjs.org/core-util-is/-/core-util-is-1.0.3.tgz",
      "integrity": "sha512-ZQBvi1DcpJ4GDqanjucZ2Hj3wEO5pZDS89BWbkcrvdxksJorwUDDZamX9ldFkp9aw2lmBDLgkObEA4DWNJ9FYQ==",
      "dev": true
    },
    "debug": {
      "version": "2.6.9",
      "resolved": "https://registry.npmjs.org/debug/-/debug-2.6.9.tgz",
      "integrity": "sha512-bC7ElrdJaJnPbAP+1EotYvqZsb3ecl5wi6Bfi6BJTUcNowp6cvspg0jXznRTKDjm/E7AdgFBVeAPVMNcKGsHMA==",
      "dev": true,
      "requires": {
        "ms": "2.0.0"
      }
    },
    "inherits": {
      "version": "2.0.4",
      "resolved": "https://registry.npmjs.org/inherits/-/inherits-2.0.4.tgz",
      "integrity": "sha512-k/vGaX4/Yla3WzyMCvTQOXYeIHvqOKtnqBduzTHpzpQZzAskKMhZ2K+EnBiSM9zGSoIFeMpXKxa4dYeZIQqewQ==",
      "dev": true
    },
    "iota-array": {
      "version": "1.0.0",
      "resolved": "https://registry.npmjs.org/iota-array/-/iota-array-1.0.0.tgz",
      "integrity": "sha512-pZ2xT+LOHckCatGQ3DcG/a+QuEqvoxqkiL7tvE8nn3uuu+f6i1TtpB5/FtWFbxUuVr5PZCx8KskuGatbJDXOWA==",
      "dev": true
    },
    "is-buffer": {
      "version": "1.1.6",
      "resolved": "https://registry.npmjs.org/is-buffer/-/is-buffer-1.1.6.tgz",
      "integrity": "sha512-NcdALwpXkTm5Zvvbk7owOUSvVvBKDgKP5/ewfXEznmQFfs4ZRmanOeKBTjRVjka3QFoN6XJ+9F3USqfHqTaU5w==",
      "dev": true
    },
    "isarray": {
      "version": "1.0.0",
      "resolved": "https://registry.npmjs.org/isarray/-/isarray-1.0.0.tgz",
      "integrity": "sha512-VLghIWNM6ELQzo7zwmcg0NmTVyWKYjvIeM83yjp0wRDTmUnrM678fQbcKBo6n2CJEF0szoG//ytg+TKla89ALQ==",
      "dev": true
    },
    "minimist": {
      "version": "1.2.7",
      "resolved": "https://registry.npmjs.org/minimist/-/minimist-1.2.7.tgz",
      "integrity": "sha512-bzfL1YUZsP41gmu/qjrEk0Q6i2ix/cVeAhbCbqH9u3zYutS1cLg00qhrD0M2MVdCcx4Sc0UpP2eBWo9rotpq6g==",
      "dev": true
    },
    "ms": {
      "version": "2.0.0",
      "resolved": "https://registry.npmjs.org/ms/-/ms-2.0.0.tgz",
      "integrity": "sha512-Tpp60P6IUJDTuOq/5Z8cdskzJujfwqfOTkrwIwj7IRISpnkJnT6SyJ4PCPnGMoFjC9ddhal5KVIYtAt97ix05A==",
      "dev": true
    },
    "ndarray": {
      "version": "1.0.19",
      "resolved": "https://registry.npmjs.org/ndarray/-/ndarray-1.0.19.tgz",
      "integrity": "sha512-B4JHA4vdyZU30ELBw3g7/p9bZupyew5a7tX1Y/gGeF2hafrPaQZhgrGQfsvgfYbgdFZjYwuEcnaobeM/WMW+HQ==",
      "dev": true,
      "requires": {
        "iota-array": "^1.0.0",
        "is-buffer": "^1.0.2"
      }
    },
    "process-nextick-args": {
      "version": "2.0.1",
      "resolved": "https://registry.npmjs.org/process-nextick-args/-/process-nextick-args-2.0.1.tgz",
      "integrity": "sha512-3ouUOpQhtgrbOa17J7+uxOTpITYWaGP7/AhoR3+A+/1e9skrzelGi/dXzEYyvbxubEF6Wn2ypscTKiKJFFn1ag==",
      "dev": true
    },
    "readable-stream": {
      "version": "2.3.7",
      "resolved": "https://registry.npmjs.org/readable-stream/-/readable-stream-2.3.7.tgz",
      "integrity": "sha512-Ebho8K4jIbHAxnuxi7o42OrZgF/ZTNcsZj6nRKyUmkhLFq8CHItp/fy6hQZuZmP/n3yZ9VBUbp4zz/mX8hmYPw==",
      "dev": true,
      "requires": {
        "core-util-is": "~1.0.0",
        "inherits": "~2.0.3",
        "isarray": "~1.0.0",
        "process-nextick-args": "~2.0.0",
        "safe-buffer": "~5.1.1",
        "string_decoder": "~1.1.1",
        "util-deprecate": "~1.0.1"
      }
    },
    "safe-buffer": {
      "version": "5.1.2",
      "resolved": "https://registry.npmjs.org/safe-buffer/-/safe-buffer-5.1.2.tgz",
      "integrity": "sha512-Gd2UZBJDkXlY7GbJxfsE8/nvKkUEU1G38c1siN6QP6a9PT9MmHB8GnpscSmMJSoF8LOIrt8ud/wPtojys4G6+g==",
      "dev": true
    },
    "string_decoder": {
      "version": "1.1.1",
      "resolved": "https://registry.npmjs.org/string_decoder/-/string_decoder-1.1.1.tgz",
      "integrity": "sha512-n/ShnvDi6FHbbVfviro+WojiFzv+s8MPMHBczVePfUpDJLwoLT0ht1l4YwBCbi8pJAveEEdnkHyPyTP/mzRfwg==",
      "dev": true,
      "requires": {
        "safe-buffer": "~5.1.0"
      }
    },
    "util-deprecate": {
      "version": "1.0.2",
      "resolved": "https://registry.npmjs.org/util-deprecate/-/util-deprecate-1.0.2.tgz",
      "integrity": "sha512-EPD5q1uXyFxJpCrLnCc1nHnq3gOa6DZBocAIiI2TaSCA7VCJ1UJDMagCzIkXNsUYfD1daK//LTEQ8xiIbrHtcw==",
      "dev": true
    }
  }
}
